
Microsoft Visual Studio Solution File, Format Version 12.00
# Visual Studio 15
VisualStudioVersion = 15.0.28307.421
MinimumVisualStudioVersion = 10.0.40219.1
Project("{9A19103F-16F7-4668-BE54-9A1E7A4F7556}") = "NoScam.Net", "NoScam.Net\NoScam.Net.csproj", "{5FB355F0-95CD-40A7-8B94-3142C741A6F3}"
EndProject
Project("{9A19103F-16F7-4668-BE54-9A1E7A4F7556}") = "UnitTest", "UnitTest\UnitTest.csproj", "{3F683607-2AAC-4559-AFC3-734F033AAFE4}"
EndProject
Project("{9A19103F-16F7-4668-BE54-9A1E7A4F7556}") = "WebApi", "WebApi\WebApi.csproj", "{7B5F9F99-9DA1-4B51-98B4-64E702ADDCD5}"
EndProject
Project("{FAE04EC0-301F-11D3-BF4B-00C04F79EFBC}") = "nBayes", "nBayes\nBayes.csproj", "{5E7F4F40-3EAB-40E6-A935-90C346C17445}"
EndProject
Global
	GlobalSection(SolutionConfigurationPlatforms) = preSolution
		Debug|Any CPU = Debug|Any CPU
		Release|Any CPU = Release|Any CPU
	EndGlobalSection
	GlobalSection(ProjectConfigurationPlatforms) = postSolution
		{5FB355F0-95CD-40A7-8B94-3142C741A6F3}.Debug|Any CPU.ActiveCfg = Debug|Any CPU
		{5FB355F0-95CD-40A7-8B94-3142C741A6F3}.Debug|Any CPU.Build.0 = Debug|Any CPU
		{5FB355F0-95CD-40A7-8B94-3142C741A6F3}.Release|Any CPU.ActiveCfg = Release|Any CPU
		{5FB355F0-95CD-40A7-8B94-3142C741A6F3}.Release|Any CPU.Build.0 = Release|Any CPU
		{3F683607-2AAC-4559-AFC3-734F033AAFE4}.Debug|Any CPU.ActiveCfg = Debug|Any CPU
		{3F683607-2AAC-4559-AFC3-734F033AAFE4}.Debug|Any CPU.Build.0 = Debug|Any CPU
		{3F683607-2AAC-4559-AFC3-734F033AAFE4}.Release|Any CPU.ActiveCfg = Release|Any CPU
		{3F683607-2AAC-4559-AFC3-734F033AAFE4}.Release|Any CPU.Build.0 = Release|Any CPU
		{7B5F9F99-9DA1-4B51-98B4-64E702ADDCD5}.Debug|Any CPU.ActiveCfg = Debug|Any CPU
		{7B5F9F99-9DA1-4B51-98B4-64E702ADDCD5}.Debug|Any CPU.Build.0 = Debug|Any CPU
		{7B5F9F99-9DA1-4B51-98B4-64E702ADDCD5}.Release|Any CPU.ActiveCfg = Release|Any CPU
		{7B5F9F99-9DA1-4B51-98B4-64E702ADDCD5}.Release|Any CPU.Build.0 = Release|Any CPU
		{5E7F4F40-3EAB-40E6-A935-90C346C17445}.Debug|Any CPU.ActiveCfg = Debug|Any CPU
		{5E7F4F40-3EAB-40E6-A935-90C346C17445}.Debug|Any CPU.Build.0 = Debug|Any CPU
		{5E7F4F40-3EAB-40E6-A935-90C346C17445}.Release|Any CPU.ActiveCfg = Release|Any CPU
		{5E7F4F40-3EAB-40E6-A935-90C346C17445}.Release|Any CPU.Build.0 = Release|Any CPU
	EndGlobalSection
	GlobalSection(SolutionProperties) = preSolution
		HideSolutionNode = FALSE
	EndGlobalSection
	GlobalSection(ExtensibilityGlobals) = postSolution
		SolutionGuid = {959C99E3-4C0A-4C76-AB6C-149423D6BEBD}
	EndGlobalSection
EndGlobal
